
Microsoft Visual Studio Solution File, Format Version 12.00
# Visual Studio Version 16
VisualStudioVersion = 16.0.30717.126
MinimumVisualStudioVersion = 10.0.40219.1
Project("{FAE04EC0-301F-11D3-BF4B-00C04F79EFBC}") = "SoccerGame", "SoccerGame\SoccerGame.csproj", "{74F6C296-4F52-4719-9F1B-49A2B007E08A}"
EndProject
Global
	GlobalSection(SolutionConfigurationPlatforms) = preSolution
		Debug|Any CPU = Debug|Any CPU
		Release|Any CPU = Release|Any CPU
	EndGlobalSection
	GlobalSection(ProjectConfigurationPlatforms) = postSolution
		{74F6C296-4F52-4719-9F1B-49A2B007E08A}.Debug|Any CPU.ActiveCfg = Debug|Any CPU
		{74F6C296-4F52-4719-9F1B-49A2B007E08A}.Debug|Any CPU.Build.0 = Debug|Any CPU
		{74F6C296-4F52-4719-9F1B-49A2B007E08A}.Release|Any CPU.ActiveCfg = Release|Any CPU
		{74F6C296-4F52-4719-9F1B-49A2B007E08A}.Release|Any CPU.Build.0 = Release|Any CPU
	EndGlobalSection
	GlobalSection(SolutionProperties) = preSolution
		HideSolutionNode = FALSE
	EndGlobalSection
	GlobalSection(ExtensibilityGlobals) = postSolution
		SolutionGuid = {E118AA86-618F-41F7-A187-08B9CFD419CB}
	EndGlobalSection
EndGlobal
